
Microsoft Visual Studio Solution File, Format Version 12.00
# Visual Studio Version 16
VisualStudioVersion = 16.0.30413.136
MinimumVisualStudioVersion = 10.0.40219.1
Project("{FAE04EC0-301F-11D3-BF4B-00C04F79EFBC}") = "RockPaperScissors", "RockPaperScissors.csproj", "{7D13E132-A1B1-4568-9D30-38AD9FA9E42D}"
EndProject
Global
	GlobalSection(SolutionConfigurationPlatforms) = preSolution
		Debug|Any CPU = Debug|Any CPU
		Release|Any CPU = Release|Any CPU
	EndGlobalSection
	GlobalSection(ProjectConfigurationPlatforms) = postSolution
		{7D13E132-A1B1-4568-9D30-38AD9FA9E42D}.Debug|Any CPU.ActiveCfg = Debug|Any CPU
		{7D13E132-A1B1-4568-9D30-38AD9FA9E42D}.Debug|Any CPU.Build.0 = Debug|Any CPU
		{7D13E132-A1B1-4568-9D30-38AD9FA9E42D}.Release|Any CPU.ActiveCfg = Release|Any CPU
		{7D13E132-A1B1-4568-9D30-38AD9FA9E42D}.Release|Any CPU.Build.0 = Release|Any CPU
	EndGlobalSection
	GlobalSection(SolutionProperties) = preSolution
		HideSolutionNode = FALSE
	EndGlobalSection
	GlobalSection(ExtensibilityGlobals) = postSolution
		SolutionGuid = {0D78D690-96EF-4E41-9658-269AE5F53BEB}
	EndGlobalSection
EndGlobal
